// !$*UTF8*$!
{
	archiveVersion = 1;
	classes = {
	};
	objectVersion = 46;
	objects = {

/* Begin PBXBuildFile section */
		AC2CE5E61A07965E007FA523 /* main.m in Sources */ = {isa = PBXBuildFile; fileRef = AC2CE5E51A07965E007FA523 /* main.m */; };
		AC2CE5E91A07965E007FA523 /* AppDelegate.m in Sources */ = {isa = PBXBuildFile; fileRef = AC2CE5E81A07965E007FA523 /* AppDelegate.m */; };
		AC2CE5EC1A07965E007FA523 /* ViewController.m in Sources */ = {isa = PBXBuildFile; fileRef = AC2CE5EB1A07965E007FA523 /* ViewController.m */; };
		AC2CE5EF1A07965E007FA523 /* Main.storyboard in Resources */ = {isa = PBXBuildFile; fileRef = AC2CE5ED1A07965E007FA523 /* Main.storyboard */; };
		AC2CE5F11A07965E007FA523 /* Images.xcassets in Resources */ = {isa = PBXBuildFile; fileRef = AC2CE5F01A07965E007FA523 /* Images.xcassets */; };
		AC2CE5F41A07965E007FA523 /* LaunchScreen.xib in Resources */ = {isa = PBXBuildFile; fileRef = AC2CE5F21A07965E007FA523 /* LaunchScreen.xib */; };
		AC2CE6001A07965F007FA523 /* AddressBookHelperTests.m in Sources */ = {isa = PBXBuildFile; fileRef = AC2CE5FF1A07965F007FA523 /* AddressBookHelperTests.m */; };
		AC2CE60C1A0796BD007FA523 /* ABReaderHelper.m in Sources */ = {isa = PBXBuildFile; fileRef = AC2CE60B1A0796BD007FA523 /* ABReaderHelper.m */; };
		AC2CE60F1A07975D007FA523 /* ABPeopleModel.m in Sources */ = {isa = PBXBuildFile; fileRef = AC2CE60E1A07975D007FA523 /* ABPeopleModel.m */; };
/* End PBXBuildFile section */

/* Begin PBXContainerItemProxy section */
		AC2CE5FA1A07965F007FA523 /* PBXContainerItemProxy */ = {
			isa = PBXContainerItemProxy;
			containerPortal = AC2CE5D81A07965E007FA523 /* Project object */;
			proxyType = 1;
			remoteGlobalIDString = AC2CE5DF1A07965E007FA523;
			remoteInfo = AddressBookHelper;
		};
/* End PBXContainerItemProxy section */

/* Begin PBXFileReference section */
		AC2CE5E01A07965E007FA523 /* AddressBookHelper.app */ = {isa = PBXFileReference; explicitFileType = wrapper.application; includeInIndex = 0; path = AddressBookHelper.app; sourceTree = BUILT_PRODUCTS_DIR; };
		AC2CE5E41A07965E007FA523 /* Info.plist */ = {isa = PBXFileReference; lastKnownFileType = text.plist.xml; path = Info.plist; sourceTree = "<group>"; };
		AC2CE5E51A07965E007FA523 /* main.m */ = {isa = PBXFileReference; lastKnownFileType = sourcecode.c.objc; path = main.m; sourceTree = "<group>"; };
		AC2CE5E71A07965E007FA523 /* AppDelegate.h */ = {isa = PBXFileReference; lastKnownFileType = sourcecode.c.h; path = AppDelegate.h; sourceTree = "<group>"; };
		AC2CE5E81A07965E007FA523 /* AppDelegate.m */ = {isa = PBXFileReference; lastKnownFileType = sourcecode.c.objc; path = AppDelegate.m; sourceTree = "<group>"; };
		AC2CE5EA1A07965E007FA523 /* ViewController.h */ = {isa = PBXFileReference; lastKnownFileType = sourcecode.c.h; path = ViewController.h; sourceTree = "<group>"; };
		AC2CE5EB1A07965E007FA523 /* ViewController.m */ = {isa = PBXFileReference; lastKnownFileType = sourcecode.c.objc; path = ViewController.m; sourceTree = "<group>"; };
		AC2CE5EE1A07965E007FA523 /* Base */ = {isa = PBXFileReference; lastKnownFileType = file.storyboard; name = Base; path = Base.lproj/Main.storyboard; sourceTree = "<group>"; };
		AC2CE5F01A07965E007FA523 /* Images.xcassets */ = {isa = PBXFileReference; lastKnownFileType = folder.assetcatalog; path = Images.xcassets; sourceTree = "<group>"; };
		AC2CE5F31A07965E007FA523 /* Base */ = {isa = PBXFileReference; lastKnownFileType = file.xib; name = Base; path = Base.lproj/LaunchScreen.xib; sourceTree = "<group>"; };
		AC2CE5F91A07965F007FA523 /* AddressBookHelperTests.xctest */ = {isa = PBXFileReference; explicitFileType = wrapper.cfbundle; includeInIndex = 0; path = AddressBookHelperTests.xctest; sourceTree = BUILT_PRODUCTS_DIR; };
		AC2CE5FE1A07965F007FA523 /* Info.plist */ = {isa = PBXFileReference; lastKnownFileType = text.plist.xml; path = Info.plist; sourceTree = "<group>"; };
		AC2CE5FF1A07965F007FA523 /* AddressBookHelperTests.m */ = {isa = PBXFileReference; lastKnownFileType = sourcecode.c.objc; path = AddressBookHelperTests.m; sourceTree = "<group>"; };
		AC2CE60A1A0796BD007FA523 /* ABReaderHelper.h */ = {isa = PBXFileReference; fileEncoding = 4; lastKnownFileType = sourcecode.c.h; path = ABReaderHelper.h; sourceTree = "<group>"; };
		AC2CE60B1A0796BD007FA523 /* ABReaderHelper.m */ = {isa = PBXFileReference; fileEncoding = 4; lastKnownFileType = sourcecode.c.objc; path = ABReaderHelper.m; sourceTree = "<group>"; };
		AC2CE60D1A07975D007FA523 /* ABPeopleModel.h */ = {isa = PBXFileReference; fileEncoding = 4; lastKnownFileType = sourcecode.c.h; path = ABPeopleModel.h; sourceTree = "<group>"; };
		AC2CE60E1A07975D007FA523 /* ABPeopleModel.m */ = {isa = PBXFileReference; fileEncoding = 4; lastKnownFileType = sourcecode.c.objc; path = ABPeopleModel.m; sourceTree = "<group>"; };
/* End PBXFileReference section */

/* Begin PBXFrameworksBuildPhase section */
		AC2CE5DD1A07965E007FA523 /* Frameworks */ = {
			isa = PBXFrameworksBuildPhase;
			buildActionMask = 2147483647;
			files = (
			);
			runOnlyForDeploymentPostprocessing = 0;
		};
		AC2CE5F61A07965F007FA523 /* Frameworks */ = {
			isa = PBXFrameworksBuildPhase;
			buildActionMask = 2147483647;
			files = (
			);
			runOnlyForDeploymentPostprocessing = 0;
		};
/* End PBXFrameworksBuildPhase section */

/* Begin PBXGroup section */
		AC2CE5D71A07965E007FA523 = {
			isa = PBXGroup;
			children = (
				AC2CE5E21A07965E007FA523 /* AddressBookHelper */,
				AC2CE5FC1A07965F007FA523 /* AddressBookHelperTests */,
				AC2CE5E11A07965E007FA523 /* Products */,
			);
			sourceTree = "<group>";
		};
		AC2CE5E11A07965E007FA523 /* Products */ = {
			isa = PBXGroup;
			children = (
				AC2CE5E01A07965E007FA523 /* AddressBookHelper.app */,
				AC2CE5F91A07965F007FA523 /* AddressBookHelperTests.xctest */,
			);
			name = Products;
			sourceTree = "<group>";
		};
		AC2CE5E21A07965E007FA523 /* AddressBookHelper */ = {
			isa = PBXGroup;
			children = (
				AC2CE6091A0796A4007FA523 /* ABHelper */,
				AC2CE5E71A07965E007FA523 /* AppDelegate.h */,
				AC2CE5E81A07965E007FA523 /* AppDelegate.m */,
				AC2CE5EA1A07965E007FA523 /* ViewController.h */,
				AC2CE5EB1A07965E007FA523 /* ViewController.m */,
				AC2CE5ED1A07965E007FA523 /* Main.storyboard */,
				AC2CE5F01A07965E007FA523 /* Images.xcassets */,
				AC2CE5F21A07965E007FA523 /* LaunchScreen.xib */,
				AC2CE5E31A07965E007FA523 /* Supporting Files */,
			);
			path = AddressBookHelper;
			sourceTree = "<group>";
		};
		AC2CE5E31A07965E007FA523 /* Supporting Files */ = {
			isa = PBXGroup;
			children = (
				AC2CE5E41A07965E007FA523 /* Info.plist */,
				AC2CE5E51A07965E007FA523 /* main.m */,
			);
			name = "Supporting Files";
			sourceTree = "<group>";
		};
		AC2CE5FC1A07965F007FA523 /* AddressBookHelperTests */ = {
			isa = PBXGroup;
			children = (
				AC2CE5FF1A07965F007FA523 /* AddressBookHelperTests.m */,
				AC2CE5FD1A07965F007FA523 /* Supporting Files */,
			);
			path = AddressBookHelperTests;
			sourceTree = "<group>";
		};
		AC2CE5FD1A07965F007FA523 /* Supporting Files */ = {
			isa = PBXGroup;
			children = (
				AC2CE5FE1A07965F007FA523 /* Info.plist */,
			);
			name = "Supporting Files";
			sourceTree = "<group>";
		};
		AC2CE6091A0796A4007FA523 /* ABHelper */ = {
			isa = PBXGroup;
			children = (
				AC2CE60A1A0796BD007FA523 /* ABReaderHelper.h */,
				AC2CE60B1A0796BD007FA523 /* ABReaderHelper.m */,
				AC2CE60D1A07975D007FA523 /* ABPeopleModel.h */,
				AC2CE60E1A07975D007FA523 /* ABPeopleModel.m */,
			);
			path = ABHelper;
			sourceTree = "<group>";
		};
/* End PBXGroup section */

/* Begin PBXNativeTarget section */
		AC2CE5DF1A07965E007FA523 /* AddressBookHelper */ = {
			isa = PBXNativeTarget;
			buildConfigurationList = AC2CE6031A07965F007FA523 /* Build configuration list for PBXNativeTarget "AddressBookHelper" */;
			buildPhases = (
				AC2CE5DC1A07965E007FA523 /* Sources */,
				AC2CE5DD1A07965E007FA523 /* Frameworks */,
				AC2CE5DE1A07965E007FA523 /* Resources */,
			);
			buildRules = (
			);
			dependencies = (
			);
			name = AddressBookHelper;
			productName = AddressBookHelper;
			productReference = AC2CE5E01A07965E007FA523 /* AddressBookHelper.app */;
			productType = "com.apple.product-type.application";
		};
		AC2CE5F81A07965F007FA523 /* AddressBookHelperTests */ = {
			isa = PBXNativeTarget;
			buildConfigurationList = AC2CE6061A07965F007FA523 /* Build configuration list for PBXNativeTarget "AddressBookHelperTests" */;
			buildPhases = (
				AC2CE5F51A07965F007FA523 /* Sources */,
				AC2CE5F61A07965F007FA523 /* Frameworks */,
				AC2CE5F71A07965F007FA523 /* Resources */,
			);
			buildRules = (
			);
			dependencies = (
				AC2CE5FB1A07965F007FA523 /* PBXTargetDependency */,
			);
			name = AddressBookHelperTests;
			productName = AddressBookHelperTests;
			productReference = AC2CE5F91A07965F007FA523 /* AddressBookHelperTests.xctest */;
			productType = "com.apple.product-type.bundle.unit-test";
		};
/* End PBXNativeTarget section */

/* Begin PBXProject section */
		AC2CE5D81A07965E007FA523 /* Project object */ = {
			isa = PBXProject;
			attributes = {
				LastUpgradeCheck = 0610;
				ORGANIZATIONNAME = Canymebee;
				TargetAttributes = {
					AC2CE5DF1A07965E007FA523 = {
						CreatedOnToolsVersion = 6.1;
					};
					AC2CE5F81A07965F007FA523 = {
						CreatedOnToolsVersion = 6.1;
						TestTargetID = AC2CE5DF1A07965E007FA523;
					};
				};
			};
			buildConfigurationList = AC2CE5DB1A07965E007FA523 /* Build configuration list for PBXProject "AddressBookHelper" */;
			compatibilityVersion = "Xcode 3.2";
			developmentRegion = English;
			hasScannedForEncodings = 0;
			knownRegions = (
				en,
				Base,
			);
			mainGroup = AC2CE5D71A07965E007FA523;
			productRefGroup = AC2CE5E11A07965E007FA523 /* Products */;
			projectDirPath = "";
			projectRoot = "";
			targets = (
				AC2CE5DF1A07965E007FA523 /* AddressBookHelper */,
				AC2CE5F81A07965F007FA523 /* AddressBookHelperTests */,
			);
		};
/* End PBXProject section */

/* Begin PBXResourcesBuildPhase section */
		AC2CE5DE1A07965E007FA523 /* Resources */ = {
			isa = PBXResourcesBuildPhase;
			buildActionMask = 2147483647;
			files = (
				AC2CE5EF1A07965E007FA523 /* Main.storyboard in Resources */,
				AC2CE5F41A07965E007FA523 /* LaunchScreen.xib in Resources */,
				AC2CE5F11A07965E007FA523 /* Images.xcassets in Resources */,
			);
			runOnlyForDeploymentPostprocessing = 0;
		};
		AC2CE5F71A07965F007FA523 /* Resources */ = {
			isa = PBXResourcesBuildPhase;
			buildActionMask = 2147483647;
			files = (
			);
			runOnlyForDeploymentPostprocessing = 0;
		};
/* End PBXResourcesBuildPhase section */

/* Begin PBXSourcesBuildPhase section */
		AC2CE5DC1A07965E007FA523 /* Sources */ = {
			isa = PBXSourcesBuildPhase;
			buildActionMask = 2147483647;
			files = (
				AC2CE60F1A07975D007FA523 /* ABPeopleModel.m in Sources */,
				AC2CE60C1A0796BD007FA523 /* ABReaderHelper.m in Sources */,
				AC2CE5EC1A07965E007FA523 /* ViewController.m in Sources */,
				AC2CE5E91A07965E007FA523 /* AppDelegate.m in Sources */,
				AC2CE5E61A07965E007FA523 /* main.m in Sources */,
			);
			runOnlyForDeploymentPostprocessing = 0;
		};
		AC2CE5F51A07965F007FA523 /* Sources */ = {
			isa = PBXSourcesBuildPhase;
			buildActionMask = 2147483647;
			files = (
				AC2CE6001A07965F007FA523 /* AddressBookHelperTests.m in Sources */,
			);
			runOnlyForDeploymentPostprocessing = 0;
		};
/* End PBXSourcesBuildPhase section */

/* Begin PBXTargetDependency section */
		AC2CE5FB1A07965F007FA523 /* PBXTargetDependency */ = {
			isa = PBXTargetDependency;
			target = AC2CE5DF1A07965E007FA523 /* AddressBookHelper */;
			targetProxy = AC2CE5FA1A07965F007FA523 /* PBXContainerItemProxy */;
		};
/* End PBXTargetDependency section */

/* Begin PBXVariantGroup section */
		AC2CE5ED1A07965E007FA523 /* Main.storyboard */ = {
			isa = PBXVariantGroup;
			children = (
				AC2CE5EE1A07965E007FA523 /* Base */,
			);
			name = Main.storyboard;
			sourceTree = "<group>";
		};
		AC2CE5F21A07965E007FA523 /* LaunchScreen.xib */ = {
			isa = PBXVariantGroup;
			children = (
				AC2CE5F31A07965E007FA523 /* Base */,
			);
			name = LaunchScreen.xib;
			sourceTree = "<group>";
		};
/* End PBXVariantGroup section */

/* Begin XCBuildConfiguration section */
		AC2CE6011A07965F007FA523 /* Debug */ = {
			isa = XCBuildConfiguration;
			buildSettings = {
				ALWAYS_SEARCH_USER_PATHS = NO;
				CLANG_CXX_LANGUAGE_STANDARD = "gnu++0x";
				CLANG_CXX_LIBRARY = "libc++";
				CLANG_ENABLE_MODULES = YES;
				CLANG_ENABLE_OBJC_ARC = YES;
				CLANG_WARN_BOOL_CONVERSION = YES;
				CLANG_WARN_CONSTANT_CONVERSION = YES;
				CLANG_WARN_DIRECT_OBJC_ISA_USAGE = YES_ERROR;
				CLANG_WARN_EMPTY_BODY = YES;
				CLANG_WARN_ENUM_CONVERSION = YES;
				CLANG_WARN_INT_CONVERSION = YES;
				CLANG_WARN_OBJC_ROOT_CLASS = YES_ERROR;
				CLANG_WARN_UNREACHABLE_CODE = YES;
				CLANG_WARN__DUPLICATE_METHOD_MATCH = YES;
				"CODE_SIGN_IDENTITY[sdk=iphoneos*]" = "iPhone Developer";
				COPY_PHASE_STRIP = NO;
				ENABLE_STRICT_OBJC_MSGSEND = YES;
				GCC_C_LANGUAGE_STANDARD = gnu99;
				GCC_DYNAMIC_NO_PIC = NO;
				GCC_OPTIMIZATION_LEVEL = 0;
				GCC_PREPROCESSOR_DEFINITIONS = (
					"DEBUG=1",
					"$(inherited)",
				);
				GCC_SYMBOLS_PRIVATE_EXTERN = NO;
				GCC_WARN_64_TO_32_BIT_CONVERSION = YES;
				GCC_WARN_ABOUT_RETURN_TYPE = YES_ERROR;
				GCC_WARN_UNDECLARED_SELECTOR = YES;
				GCC_WARN_UNINITIALIZED_AUTOS = YES_AGGRESSIVE;
				GCC_WARN_UNUSED_FUNCTION = YES;
				GCC_WARN_UNUSED_VARIABLE = YES;
				IPHONEOS_DEPLOYMENT_TARGET = 8.1;
				MTL_ENABLE_DEBUG_INFO = YES;
				ONLY_ACTIVE_ARCH = YES;
				SDKROOT = iphoneos;
			};
			name = Debug;
		};
		AC2CE6021A07965F007FA523 /* Release */ = {
			isa = XCBuildConfiguration;
			buildSettings = {
				ALWAYS_SEARCH_USER_PATHS = NO;
				CLANG_CXX_LANGUAGE_STANDARD = "gnu++0x";
				CLANG_CXX_LIBRARY = "libc++";
				CLANG_ENABLE_MODULES = YES;
				CLANG_ENABLE_OBJC_ARC = YES;
				CLANG_WARN_BOOL_CONVERSION = YES;
				CLANG_WARN_CONSTANT_CONVERSION = YES;
				CLANG_WARN_DIRECT_OBJC_ISA_USAGE = YES_ERROR;
				CLANG_WARN_EMPTY_BODY = YES;
				CLANG_WARN_ENUM_CONVERSION = YES;
				CLANG_WARN_INT_CONVERSION = YES;
				CLANG_WARN_OBJC_ROOT_CLASS = YES_ERROR;
				CLANG_WARN_UNREACHABLE_CODE = YES;
				CLANG_WARN__DUPLICATE_METHOD_MATCH = YES;
				"CODE_SIGN_IDENTITY[sdk=iphoneos*]" = "iPhone Developer";
				COPY_PHASE_STRIP = YES;
				ENABLE_NS_ASSERTIONS = NO;
				ENABLE_STRICT_OBJC_MSGSEND = YES;
				GCC_C_LANGUAGE_STANDARD = gnu99;
				GCC_WARN_64_TO_32_BIT_CONVERSION = YES;
				GCC_WARN_ABOUT_RETURN_TYPE = YES_ERROR;
				GCC_WARN_UNDECLARED_SELECTOR = YES;
				GCC_WARN_UNINITIALIZED_AUTOS = YES_AGGRESSIVE;
				GCC_WARN_UNUSED_FUNCTION = YES;
				GCC_WARN_UNUSED_VARIABLE = YES;
				IPHONEOS_DEPLOYMENT_TARGET = 8.1;
				MTL_ENABLE_DEBUG_INFO = NO;
				SDKROOT = iphoneos;
				VALIDATE_PRODUCT = YES;
			};
			name = Release;
		};
		AC2CE6041A07965F007FA523 /* Debug */ = {
			isa = XCBuildConfiguration;
			buildSettings = {
				ASSETCATALOG_COMPILER_APPICON_NAME = AppIcon;
				INFOPLIST_FILE = AddressBookHelper/Info.plist;
				LD_RUNPATH_SEARCH_PATHS = "$(inherited) @executable_path/Frameworks";
				PRODUCT_NAME = "$(TARGET_NAME)";
			};
			name = Debug;
		};
		AC2CE6051A07965F007FA523 /* Release */ = {
			isa = XCBuildConfiguration;
			buildSettings = {
				ASSETCATALOG_COMPILER_APPICON_NAME = AppIcon;
				INFOPLIST_FILE = AddressBookHelper/Info.plist;
				LD_RUNPATH_SEARCH_PATHS = "$(inherited) @executable_path/Frameworks";
				PRODUCT_NAME = "$(TARGET_NAME)";
			};
			name = Release;
		};
		AC2CE6071A07965F007FA523 /* Debug */ = {
			isa = XCBuildConfiguration;
			buildSettings = {
				BUNDLE_LOADER = "$(TEST_HOST)";
				FRAMEWORK_SEARCH_PATHS = (
					"$(SDKROOT)/Developer/Library/Frameworks",
					"$(inherited)",
				);
				GCC_PREPROCESSOR_DEFINITIONS = (
					"DEBUG=1",
					"$(inherited)",
				);
				INFOPLIST_FILE = AddressBookHelperTests/Info.plist;
				LD_RUNPATH_SEARCH_PATHS = "$(inherited) @executable_path/Frameworks @loader_path/Frameworks";
				PRODUCT_NAME = "$(TARGET_NAME)";
				TEST_HOST = "$(BUILT_PRODUCTS_DIR)/AddressBookHelper.app/AddressBookHelper";
			};
			name = Debug;
		};
		AC2CE6081A07965F007FA523 /* Release */ = {
			isa = XCBuildConfiguration;
			buildSettings = {
				BUNDLE_LOADER = "$(TEST_HOST)";
				FRAMEWORK_SEARCH_PATHS = (
					"$(SDKROOT)/Developer/Library/Frameworks",
					"$(inherited)",
				);
				INFOPLIST_FILE = AddressBookHelperTests/Info.plist;
				LD_RUNPATH_SEARCH_PATHS = "$(inherited) @executable_path/Frameworks @loader_path/Frameworks";
				PRODUCT_NAME = "$(TARGET_NAME)";
				TEST_HOST = "$(BUILT_PRODUCTS_DIR)/AddressBookHelper.app/AddressBookHelper";
			};
			name = Release;
		};
/* End XCBuildConfiguration section */

/* Begin XCConfigurationList section */
		AC2CE5DB1A07965E007FA523 /* Build configuration list for PBXProject "AddressBookHelper" */ = {
			isa = XCConfigurationList;
			buildConfigurations = (
				AC2CE6011A07965F007FA523 /* Debug */,
				AC2CE6021A07965F007FA523 /* Release */,
			);
			defaultConfigurationIsVisible = 0;
			defaultConfigurationName = Release;
		};
		AC2CE6031A07965F007FA523 /* Build configuration list for PBXNativeTarget "AddressBookHelper" */ = {
			isa = XCConfigurationList;
			buildConfigurations = (
				AC2CE6041A07965F007FA523 /* Debug */,
				AC2CE6051A07965F007FA523 /* Release */,
			);
			defaultConfigurationIsVisible = 0;
		};
		AC2CE6061A07965F007FA523 /* Build configuration list for PBXNativeTarget "AddressBookHelperTests" */ = {
			isa = XCConfigurationList;
			buildConfigurations = (
				AC2CE6071A07965F007FA523 /* Debug */,
				AC2CE6081A07965F007FA523 /* Release */,
			);
			defaultConfigurationIsVisible = 0;
		};
/* End XCConfigurationList section */
	};
	rootObject = AC2CE5D81A07965E007FA523 /* Project object */;
}
